# This file is generated by running "yarn install" inside your project.
# Manual changes might be lost - proceed with caution!

__metadata:
  version: 6
  cacheKey: 8

"@logion/node-api@npm:^0.14.0-4":
  version: 0.14.0-4
  resolution: "@logion/node-api@npm:0.14.0-4"
  dependencies:
    "@polkadot/api": ^10.4.1
    "@polkadot/util": ^12.0.1
    "@polkadot/util-crypto": ^12.0.1
    "@types/uuid": ^8.3.4
    fast-sha256: ^1.3.0
    uuid: ^8.3.2
  checksum: c60fa32f15f94eb4f9f8ff75aea5d84ecb634dac6eefd07409baa35cb0c332051182c8da44dd0a9ab5fa87e697c3a49293ef48f7658e13966b0905c6f04b0aa7
  languageName: node
  linkType: hard

"@noble/curves@npm:1.0.0":
  version: 1.0.0
  resolution: "@noble/curves@npm:1.0.0"
  dependencies:
    "@noble/hashes": 1.3.0
  checksum: 6bcef44d626c640dc8961819d68dd67dffb907e3b973b7c27efe0ecdd9a5c6ce62c7b9e3dfc930c66605dced7f1ec0514d191c09a2ce98d6d52b66e3315ffa79
  languageName: node
  linkType: hard

"@noble/hashes@npm:1.3.0":
  version: 1.3.0
  resolution: "@noble/hashes@npm:1.3.0"
  checksum: d7ddb6d7c60f1ce1f87facbbef5b724cdea536fc9e7f59ae96e0fc9de96c8f1a2ae2bdedbce10f7dcc621338dfef8533daa73c873f2b5c87fa1a4e05a95c2e2e
  languageName: node
  linkType: hard

"@polkadot/api-augment@npm:10.5.1":
  version: 10.5.1
  resolution: "@polkadot/api-augment@npm:10.5.1"
  dependencies:
    "@polkadot/api-base": 10.5.1
    "@polkadot/rpc-augment": 10.5.1
    "@polkadot/types": 10.5.1
    "@polkadot/types-augment": 10.5.1
    "@polkadot/types-codec": 10.5.1
    "@polkadot/util": ^12.1.1
    tslib: ^2.5.0
  checksum: 0b22392ba419d997dcf91e61f453242fe46dbd1cf529bd8ad9cb3b9c6e61b6d0367aff1414464aa11adf992c39f2b63b3d944f757ef912c6638567b6f139d3b5
  languageName: node
  linkType: hard

"@polkadot/api-base@npm:10.5.1":
  version: 10.5.1
  resolution: "@polkadot/api-base@npm:10.5.1"
  dependencies:
    "@polkadot/rpc-core": 10.5.1
    "@polkadot/types": 10.5.1
    "@polkadot/util": ^12.1.1
    rxjs: ^7.8.1
    tslib: ^2.5.0
  checksum: a585421986f054636e280ae8353e9fea606fd551f813801fcfc2f98e16572fad8f5c0e9670fc3ab3788d79301a6ebb6f3250d1c50aa04793963864d72428dd02
  languageName: node
  linkType: hard

"@polkadot/api-derive@npm:10.5.1":
  version: 10.5.1
  resolution: "@polkadot/api-derive@npm:10.5.1"
  dependencies:
    "@polkadot/api": 10.5.1
    "@polkadot/api-augment": 10.5.1
    "@polkadot/api-base": 10.5.1
    "@polkadot/rpc-core": 10.5.1
    "@polkadot/types": 10.5.1
    "@polkadot/types-codec": 10.5.1
    "@polkadot/util": ^12.1.1
    "@polkadot/util-crypto": ^12.1.1
    rxjs: ^7.8.1
    tslib: ^2.5.0
  checksum: a3ba61b4c3e3e38a79c38f74aaefb983dd5992beb61b5e2fa62bb3e316c6d7bce6593f69d12c38e9fdcd429c1c79c2424042d90e5518599e929a274e19c77ef5
  languageName: node
  linkType: hard

"@polkadot/api@npm:10.5.1, @polkadot/api@npm:^10.4.1":
  version: 10.5.1
  resolution: "@polkadot/api@npm:10.5.1"
  dependencies:
    "@polkadot/api-augment": 10.5.1
    "@polkadot/api-base": 10.5.1
    "@polkadot/api-derive": 10.5.1
    "@polkadot/keyring": ^12.1.1
    "@polkadot/rpc-augment": 10.5.1
    "@polkadot/rpc-core": 10.5.1
    "@polkadot/rpc-provider": 10.5.1
    "@polkadot/types": 10.5.1
    "@polkadot/types-augment": 10.5.1
    "@polkadot/types-codec": 10.5.1
    "@polkadot/types-create": 10.5.1
    "@polkadot/types-known": 10.5.1
    "@polkadot/util": ^12.1.1
    "@polkadot/util-crypto": ^12.1.1
    eventemitter3: ^5.0.0
    rxjs: ^7.8.1
    tslib: ^2.5.0
  checksum: 637e0cf81eb857d9b8347a1c0e2d1557d3f5ceb259e39f96d9d7e5dbf7a95b58e8afcbce5361130a06c582bf90f407fda8663857759d42490e732e3143979ab2
  languageName: node
  linkType: hard

"@polkadot/keyring@npm:^12.1.1":
  version: 12.1.2
  resolution: "@polkadot/keyring@npm:12.1.2"
  dependencies:
    "@polkadot/util": 12.1.2
    "@polkadot/util-crypto": 12.1.2
    tslib: ^2.5.0
  peerDependencies:
    "@polkadot/util": 12.1.2
    "@polkadot/util-crypto": 12.1.2
  checksum: 60328a569098f2721330e51c90ebbb70ecd634bcceaa0e07979e4db8ac8d7d6d61092a5e37b5c3e3823b9135afb1cd3a69fd714613d81cb18047ded83395ba3e
  languageName: node
  linkType: hard

"@polkadot/networks@npm:12.1.2, @polkadot/networks@npm:^12.1.1":
  version: 12.1.2
  resolution: "@polkadot/networks@npm:12.1.2"
  dependencies:
    "@polkadot/util": 12.1.2
    "@substrate/ss58-registry": ^1.40.0
    tslib: ^2.5.0
  checksum: f4e6301e0a7434a5ffb6a5a2a79fc15742736c05d36341a19fa6b136c0bb6a00461554d2e43fb76e3fb23d77fa8c65446dd5f80165a24eca3a1983bdf67c625c
  languageName: node
  linkType: hard

"@polkadot/rpc-augment@npm:10.5.1":
  version: 10.5.1
  resolution: "@polkadot/rpc-augment@npm:10.5.1"
  dependencies:
    "@polkadot/rpc-core": 10.5.1
    "@polkadot/types": 10.5.1
    "@polkadot/types-codec": 10.5.1
    "@polkadot/util": ^12.1.1
    tslib: ^2.5.0
  checksum: 2641d3183f51e88e49fcef54040382288428746080b2676cf8d0486555e9147d783355944c5ee521b4fe90478ae519dcd36d2eb2cf9616e8333c87e46bb42893
  languageName: node
  linkType: hard

"@polkadot/rpc-core@npm:10.5.1":
  version: 10.5.1
  resolution: "@polkadot/rpc-core@npm:10.5.1"
  dependencies:
    "@polkadot/rpc-augment": 10.5.1
    "@polkadot/rpc-provider": 10.5.1
    "@polkadot/types": 10.5.1
    "@polkadot/util": ^12.1.1
    rxjs: ^7.8.1
    tslib: ^2.5.0
  checksum: b8abf2f645002ffa5972d65c50aececb91565f44e11c92e4543981be132fab4d2d635d67fa5b9d8ff64f1808bed52ecec1a78d014986eb9b3ce3eceeb0b1aafd
  languageName: node
  linkType: hard

"@polkadot/rpc-provider@npm:10.5.1":
  version: 10.5.1
  resolution: "@polkadot/rpc-provider@npm:10.5.1"
  dependencies:
    "@polkadot/keyring": ^12.1.1
    "@polkadot/types": 10.5.1
    "@polkadot/types-support": 10.5.1
    "@polkadot/util": ^12.1.1
    "@polkadot/util-crypto": ^12.1.1
    "@polkadot/x-fetch": ^12.1.1
    "@polkadot/x-global": ^12.1.1
    "@polkadot/x-ws": ^12.1.1
    "@substrate/connect": 0.7.24
    eventemitter3: ^5.0.0
    mock-socket: ^9.2.1
    nock: ^13.3.1
    tslib: ^2.5.0
  dependenciesMeta:
    "@substrate/connect":
      optional: true
  checksum: 1f23cb9549d744b3982ea4fe53be47cc77a01b80e4c5025ce417be4917cfae5859e5b5d0903252876ac588fa56320520fb5435c857d68394bdd2f56349e36a83
  languageName: node
  linkType: hard

"@polkadot/types-augment@npm:10.5.1":
  version: 10.5.1
  resolution: "@polkadot/types-augment@npm:10.5.1"
  dependencies:
    "@polkadot/types": 10.5.1
    "@polkadot/types-codec": 10.5.1
    "@polkadot/util": ^12.1.1
    tslib: ^2.5.0
  checksum: bb2270a4457341bf6d0183d0aa5dbecf059162febbd2259dcb9f0b9ed9694963af5b761a2a7e25523b67caf993da2d670e88bc4da8426cab0dca59fc1f852c7a
  languageName: node
  linkType: hard

"@polkadot/types-codec@npm:10.5.1":
  version: 10.5.1
  resolution: "@polkadot/types-codec@npm:10.5.1"
  dependencies:
    "@polkadot/util": ^12.1.1
    "@polkadot/x-bigint": ^12.1.1
    tslib: ^2.5.0
  checksum: 48eb4c8d25d1108301065849ab8f023b3c8458a2f3f0559818e124bc13a1fed1fe8ee485a386475420f113c42501b3606f74b83e40d1542552e31ae222dd42e6
  languageName: node
  linkType: hard

"@polkadot/types-create@npm:10.5.1":
  version: 10.5.1
  resolution: "@polkadot/types-create@npm:10.5.1"
  dependencies:
    "@polkadot/types-codec": 10.5.1
    "@polkadot/util": ^12.1.1
    tslib: ^2.5.0
  checksum: 594fb22c32926b71d75a6eee49cc3db84bdedd173e8f75b208a2d676eae7076e88686fe71f598c7632e6cfe34aacca22e91dd48157d1a06d2eeccb198e41b30f
  languageName: node
  linkType: hard

"@polkadot/types-known@npm:10.5.1":
  version: 10.5.1
  resolution: "@polkadot/types-known@npm:10.5.1"
  dependencies:
    "@polkadot/networks": ^12.1.1
    "@polkadot/types": 10.5.1
    "@polkadot/types-codec": 10.5.1
    "@polkadot/types-create": 10.5.1
    "@polkadot/util": ^12.1.1
    tslib: ^2.5.0
  checksum: ba3d414410ec618475d42dae6d3171a5d3fd54649fa7d10063b9e9d8ebc8147056081b0d47f2cf30c95b1d17a0a897a90a645ef6f3c29e940dd24597eda3984a
  languageName: node
  linkType: hard

"@polkadot/types-support@npm:10.5.1":
  version: 10.5.1
  resolution: "@polkadot/types-support@npm:10.5.1"
  dependencies:
    "@polkadot/util": ^12.1.1
    tslib: ^2.5.0
  checksum: 35632e55b1b4f8c3eb1e05d9ec480188a206bef34358bd3e37535ee6645c61b433c769b5ef48127b1fe1a5aaadf53de763cfdf3fdf8f06c02a2798581c811b19
  languageName: node
  linkType: hard

"@polkadot/types@npm:10.5.1":
  version: 10.5.1
  resolution: "@polkadot/types@npm:10.5.1"
  dependencies:
    "@polkadot/keyring": ^12.1.1
    "@polkadot/types-augment": 10.5.1
    "@polkadot/types-codec": 10.5.1
    "@polkadot/types-create": 10.5.1
    "@polkadot/util": ^12.1.1
    "@polkadot/util-crypto": ^12.1.1
    rxjs: ^7.8.1
    tslib: ^2.5.0
  checksum: 50bf771cfba91be89b2ca0d2e6c51acc5c1c4edd52b6b8ad03018176617911e038edd0516d1b9eb1f72be0c53793e648e64f93156d8d9c9cda49d0d8655ca906
  languageName: node
  linkType: hard

"@polkadot/util-crypto@npm:12.1.2, @polkadot/util-crypto@npm:^12.0.1, @polkadot/util-crypto@npm:^12.1.1":
  version: 12.1.2
  resolution: "@polkadot/util-crypto@npm:12.1.2"
  dependencies:
    "@noble/curves": 1.0.0
    "@noble/hashes": 1.3.0
    "@polkadot/networks": 12.1.2
    "@polkadot/util": 12.1.2
    "@polkadot/wasm-crypto": ^7.1.2
    "@polkadot/wasm-util": ^7.1.2
    "@polkadot/x-bigint": 12.1.2
    "@polkadot/x-randomvalues": 12.1.2
    "@scure/base": 1.1.1
    tslib: ^2.5.0
  peerDependencies:
    "@polkadot/util": 12.1.2
  checksum: 59d1d156beb92ce838fa04e4b2ec2de15e61da1c6f564b9a7a3dff601f9061b47f48dce9463cd92a8fd3701e2bc9243d663aee02677afb53c33109add5457378
  languageName: node
  linkType: hard

"@polkadot/util@npm:12.1.2, @polkadot/util@npm:^12.0.1, @polkadot/util@npm:^12.1.1":
  version: 12.1.2
  resolution: "@polkadot/util@npm:12.1.2"
  dependencies:
    "@polkadot/x-bigint": 12.1.2
    "@polkadot/x-global": 12.1.2
    "@polkadot/x-textdecoder": 12.1.2
    "@polkadot/x-textencoder": 12.1.2
    "@types/bn.js": ^5.1.1
    bn.js: ^5.2.1
    tslib: ^2.5.0
  checksum: a6c2fa7a916c8dd01705ebe8693c97ece58b9b781c46a70ae44bcbdb275a8b5fc9aaaffd85905a0c2d3a697d72c85bbf1b8a761b38e3af6856028e596e64835c
  languageName: node
  linkType: hard

"@polkadot/wasm-bridge@npm:7.1.2":
  version: 7.1.2
  resolution: "@polkadot/wasm-bridge@npm:7.1.2"
  dependencies:
    "@polkadot/wasm-util": 7.1.2
    tslib: ^2.5.0
  peerDependencies:
    "@polkadot/util": "*"
    "@polkadot/x-randomvalues": "*"
  checksum: 7ed0f995bffe2e7ccfa6743d6a15829b4fcbacd09d43c4a87e68836b58a33e0dc995ce4cb106fef059dd0004a7c00f9e167dbdb2258dba1fc5e98ca25059f047
  languageName: node
  linkType: hard

"@polkadot/wasm-crypto-asmjs@npm:7.1.2":
  version: 7.1.2
  resolution: "@polkadot/wasm-crypto-asmjs@npm:7.1.2"
  dependencies:
    tslib: ^2.5.0
  peerDependencies:
    "@polkadot/util": "*"
  checksum: 454b1aef9d91968a3816ad57477f5f8eaa8c0b1977db5a22390bf54efe02bfcbf728a34180105f534d49fa69826954faf6217eecdbd071998936f64c50212e54
  languageName: node
  linkType: hard

"@polkadot/wasm-crypto-init@npm:7.1.2":
  version: 7.1.2
  resolution: "@polkadot/wasm-crypto-init@npm:7.1.2"
  dependencies:
    "@polkadot/wasm-bridge": 7.1.2
    "@polkadot/wasm-crypto-asmjs": 7.1.2
    "@polkadot/wasm-crypto-wasm": 7.1.2
    "@polkadot/wasm-util": 7.1.2
    tslib: ^2.5.0
  peerDependencies:
    "@polkadot/util": "*"
    "@polkadot/x-randomvalues": "*"
  checksum: b2676f494dab4035a8069318f2de45e991e5b4b484774feabd5bb593885d1bb435175056ff7b2810f46169567e1986f135215c6bc64ff6cf7e6ad639f1b924f0
  languageName: node
  linkType: hard

"@polkadot/wasm-crypto-wasm@npm:7.1.2":
  version: 7.1.2
  resolution: "@polkadot/wasm-crypto-wasm@npm:7.1.2"
  dependencies:
    "@polkadot/wasm-util": 7.1.2
    tslib: ^2.5.0
  peerDependencies:
    "@polkadot/util": "*"
  checksum: c41a77ae4d893c611a223a09742d6cf6962944da66d7f321c40766c2cc5deb1e48d62fad74fbead67d4b01ff03c8ec1daccaa1e23edffd4d8fb63874d7384ac3
  languageName: node
  linkType: hard

"@polkadot/wasm-crypto@npm:^7.1.2":
  version: 7.1.2
  resolution: "@polkadot/wasm-crypto@npm:7.1.2"
  dependencies:
    "@polkadot/wasm-bridge": 7.1.2
    "@polkadot/wasm-crypto-asmjs": 7.1.2
    "@polkadot/wasm-crypto-init": 7.1.2
    "@polkadot/wasm-crypto-wasm": 7.1.2
    "@polkadot/wasm-util": 7.1.2
    tslib: ^2.5.0
  peerDependencies:
    "@polkadot/util": "*"
    "@polkadot/x-randomvalues": "*"
  checksum: 989ed3ae351c9038d6a4d3980fe771a6486aae886d6844064952dfe819e5a4cc486fdd057976b247bbb49ca185d54a3f56a6c5f4dd089eae603d432b881155a9
  languageName: node
  linkType: hard

"@polkadot/wasm-util@npm:7.1.2, @polkadot/wasm-util@npm:^7.1.2":
  version: 7.1.2
  resolution: "@polkadot/wasm-util@npm:7.1.2"
  dependencies:
    tslib: ^2.5.0
  peerDependencies:
    "@polkadot/util": "*"
  checksum: d0a8557e585234d0ae787ddf7c459f61824324e51e65c4e65db34814158a144c036ea1c21bd8f25cf09ad8fdc518d5466ec9b40da22821b3b684ff3e307929aa
  languageName: node
  linkType: hard

"@polkadot/x-bigint@npm:12.1.2, @polkadot/x-bigint@npm:^12.1.1":
  version: 12.1.2
  resolution: "@polkadot/x-bigint@npm:12.1.2"
  dependencies:
    "@polkadot/x-global": 12.1.2
    tslib: ^2.5.0
  checksum: 8a80cc7eda4745f57e0edf3e6338246fee74abe9242d1607a15a70abfce062f960eeda83cbe4e370a70be82953e6898fbe9ed087f97d712a1cf7cba002e01d7f
  languageName: node
  linkType: hard

"@polkadot/x-fetch@npm:^12.1.1":
  version: 12.1.2
  resolution: "@polkadot/x-fetch@npm:12.1.2"
  dependencies:
    "@polkadot/x-global": 12.1.2
    node-fetch: ^3.3.1
    tslib: ^2.5.0
  checksum: bb4b0880c8608a05489b665a32faa32ba0a651755996d9ae453016b063e8c9d06144537d50b3421f8a7d05c69650c5c3762937ee998dc4c32419e0aad83e82a7
  languageName: node
  linkType: hard

"@polkadot/x-global@npm:12.1.2, @polkadot/x-global@npm:^12.1.1":
  version: 12.1.2
  resolution: "@polkadot/x-global@npm:12.1.2"
  dependencies:
    tslib: ^2.5.0
  checksum: d680918bfcbb16cd50cb4f1fdd45bb755e28ffa947266306ee4697888a037ea98d91e25e534bc2e2d757aeeb593c666591f4ac0761ab804946edf9b046ba1470
  languageName: node
  linkType: hard

"@polkadot/x-randomvalues@npm:12.1.2":
  version: 12.1.2
  resolution: "@polkadot/x-randomvalues@npm:12.1.2"
  dependencies:
    "@polkadot/x-global": 12.1.2
    tslib: ^2.5.0
  peerDependencies:
    "@polkadot/util": 12.1.2
    "@polkadot/wasm-util": "*"
  checksum: b19ac9ff5a99d924e9ca569bfe5b1f4c9f60ab5d4ddf68819aa8ea471a00bd1617c6885c38a2abed05265376d28fe0cefcdbe2fa82f9097768d0e13edb281763
  languageName: node
  linkType: hard

"@polkadot/x-textdecoder@npm:12.1.2":
  version: 12.1.2
  resolution: "@polkadot/x-textdecoder@npm:12.1.2"
  dependencies:
    "@polkadot/x-global": 12.1.2
    tslib: ^2.5.0
  checksum: fa954d984a5e233b6849cd22de36c3dc0eb15c43f1ef7bf6952bac0baced2277becd7d177a3c07cb3e8618ef91d925a73724b4909a67b77097f3e41d5a22c677
  languageName: node
  linkType: hard

"@polkadot/x-textencoder@npm:12.1.2":
  version: 12.1.2
  resolution: "@polkadot/x-textencoder@npm:12.1.2"
  dependencies:
    "@polkadot/x-global": 12.1.2
    tslib: ^2.5.0
  checksum: 9b9bf23128a0b5851eb9105ed684589da824d3f5bcc1b1a42a963bbcbefce0c0c452027e4c36265176b47b0ea105b0ad0e6fd206208b9cffb29e83e649db2276
  languageName: node
  linkType: hard

"@polkadot/x-ws@npm:^12.1.1":
  version: 12.1.2
  resolution: "@polkadot/x-ws@npm:12.1.2"
  dependencies:
    "@polkadot/x-global": 12.1.2
    tslib: ^2.5.0
    ws: ^8.13.0
  checksum: 3f7f604520f2a28cd4c7bfa512dd459476b9d2e67ba0b3950b61de54505545f0c50ef1ada4bbc408ad629466635f072ebd4342bf766094e0e8aece7f4570bae8
  languageName: node
  linkType: hard

"@scure/base@npm:1.1.1":
  version: 1.1.1
  resolution: "@scure/base@npm:1.1.1"
  checksum: b4fc810b492693e7e8d0107313ac74c3646970c198bbe26d7332820886fa4f09441991023ec9aa3a2a51246b74409ab5ebae2e8ef148bbc253da79ac49130309
  languageName: node
  linkType: hard

"@substrate/connect-extension-protocol@npm:^1.0.1":
  version: 1.0.1
  resolution: "@substrate/connect-extension-protocol@npm:1.0.1"
  checksum: 116dee587e81e832e14c25038bd849438c9493c6089aa6c1bf1760780d463880d44d362ed983d57ac3695368ac46f3c9df3dbaed92f36de89626c9735cecd1e4
  languageName: node
  linkType: hard

"@substrate/connect@npm:0.7.24":
  version: 0.7.24
  resolution: "@substrate/connect@npm:0.7.24"
  dependencies:
    "@substrate/connect-extension-protocol": ^1.0.1
    eventemitter3: ^4.0.7
    smoldot: 1.0.2
  checksum: ffede7dd5cdc7512f5a6f97d4ff2655dc294c78d21856aa9d215e39b84c623ebfda3557d970652eba7c4ac4e02eb765cf7140b17345aface1f700af200e0bf2d
  languageName: node
  linkType: hard

"@substrate/ss58-registry@npm:^1.40.0":
  version: 1.40.0
  resolution: "@substrate/ss58-registry@npm:1.40.0"
  checksum: 474cb16b350e95fa7ca1020b70c6885c5c3d739472f506d175f24e9fd5a6d337d3c7e7a7fa44962199ed03fffb5d3b44b8af79a9811cb55ec34b3b75bb8e7f97
  languageName: node
  linkType: hard

"@types/bn.js@npm:^5.1.1":
  version: 5.1.1
  resolution: "@types/bn.js@npm:5.1.1"
  dependencies:
    "@types/node": "*"
  checksum: e50ed2dd3abe997e047caf90e0352c71e54fc388679735217978b4ceb7e336e51477791b715f49fd77195ac26dd296c7bad08a3be9750e235f9b2e1edb1b51c2
  languageName: node
  linkType: hard

"@types/node@npm:*":
  version: 18.11.17
  resolution: "@types/node@npm:18.11.17"
  checksum: 1933afd068d5c75c068c6c4df6d10edb3b0b2bb6503d544e2f0496ac007c90596e6a5e284a8ef032451bc16f871b7e46719d7d2bea60e9b25d13a77d52161cac
  languageName: node
  linkType: hard

"@types/uuid@npm:^8.3.4":
  version: 8.3.4
  resolution: "@types/uuid@npm:8.3.4"
  checksum: 6f11f3ff70f30210edaa8071422d405e9c1d4e53abbe50fdce365150d3c698fe7bbff65c1e71ae080cbfb8fded860dbb5e174da96fdbbdfcaa3fb3daa474d20f
  languageName: node
  linkType: hard

"bn.js@npm:^5.2.1":
  version: 5.2.1
  resolution: "bn.js@npm:5.2.1"
  checksum: 3dd8c8d38055fedfa95c1d5fc3c99f8dd547b36287b37768db0abab3c239711f88ff58d18d155dd8ad902b0b0cee973747b7ae20ea12a09473272b0201c9edd3
  languageName: node
  linkType: hard

"data-uri-to-buffer@npm:^4.0.0":
  version: 4.0.0
  resolution: "data-uri-to-buffer@npm:4.0.0"
  checksum: a010653869abe8bb51259432894ac62c52bf79ad761d418d94396f48c346f2ae739c46b254e8bb5987bded8a653d467db1968db3a69bab1d33aa5567baa5cfc7
  languageName: node
  linkType: hard

"debug@npm:^4.1.0":
  version: 4.3.4
  resolution: "debug@npm:4.3.4"
  dependencies:
    ms: 2.1.2
  peerDependenciesMeta:
    supports-color:
      optional: true
  checksum: 3dbad3f94ea64f34431a9cbf0bafb61853eda57bff2880036153438f50fb5a84f27683ba0d8e5426bf41a8c6ff03879488120cf5b3a761e77953169c0600a708
  languageName: node
  linkType: hard

"eventemitter3@npm:^4.0.7":
  version: 4.0.7
  resolution: "eventemitter3@npm:4.0.7"
  checksum: 1875311c42fcfe9c707b2712c32664a245629b42bb0a5a84439762dd0fd637fc54d078155ea83c2af9e0323c9ac13687e03cfba79b03af9f40c89b4960099374
  languageName: node
  linkType: hard

"eventemitter3@npm:^5.0.0":
  version: 5.0.1
  resolution: "eventemitter3@npm:5.0.1"
  checksum: 543d6c858ab699303c3c32e0f0f47fc64d360bf73c3daf0ac0b5079710e340d6fe9f15487f94e66c629f5f82cd1a8678d692f3dbb6f6fcd1190e1b97fcad36f8
  languageName: node
  linkType: hard

"fast-sha256@npm:^1.3.0":
  version: 1.3.0
  resolution: "fast-sha256@npm:1.3.0"
  checksum: 2b0bea7d3a9955e67abd2d3fbef4ce57f7dbb75708fc206d14973bd1d97aaf35b5c0a59c1d65be6f755df43d73b7657b9eac4fb3c2d58e6849966db1ef1fa186
  languageName: node
  linkType: hard

"fetch-blob@npm:^3.1.2, fetch-blob@npm:^3.1.4":
  version: 3.2.0
  resolution: "fetch-blob@npm:3.2.0"
  dependencies:
    node-domexception: ^1.0.0
    web-streams-polyfill: ^3.0.3
  checksum: f19bc28a2a0b9626e69fd7cf3a05798706db7f6c7548da657cbf5026a570945f5eeaedff52007ea35c8bcd3d237c58a20bf1543bc568ab2422411d762dd3d5bf
  languageName: node
  linkType: hard

"formdata-polyfill@npm:^4.0.10":
  version: 4.0.10
  resolution: "formdata-polyfill@npm:4.0.10"
  dependencies:
    fetch-blob: ^3.1.2
  checksum: 82a34df292afadd82b43d4a740ce387bc08541e0a534358425193017bf9fb3567875dc5f69564984b1da979979b70703aa73dee715a17b6c229752ae736dd9db
  languageName: node
  linkType: hard

"json-stringify-safe@npm:^5.0.1":
  version: 5.0.1
  resolution: "json-stringify-safe@npm:5.0.1"
  checksum: 48ec0adad5280b8a96bb93f4563aa1667fd7a36334f79149abd42446d0989f2ddc58274b479f4819f1f00617957e6344c886c55d05a4e15ebb4ab931e4a6a8ee
  languageName: node
  linkType: hard

"lodash@npm:^4.17.21":
  version: 4.17.21
  resolution: "lodash@npm:4.17.21"
  checksum: eb835a2e51d381e561e508ce932ea50a8e5a68f4ebdd771ea240d3048244a8d13658acbd502cd4829768c56f2e16bdd4340b9ea141297d472517b83868e677f7
  languageName: node
  linkType: hard

"logion-test-init@workspace:.":
  version: 0.0.0-use.local
  resolution: "logion-test-init@workspace:."
  dependencies:
    "@logion/node-api": ^0.14.0-4
  languageName: unknown
  linkType: soft

"mock-socket@npm:^9.2.1":
  version: 9.2.1
  resolution: "mock-socket@npm:9.2.1"
  checksum: daf07689563163dbcefbefe23b2a9784a75d0af31706f23ad535c6ab2abbcdefa2e91acddeb50a3c39009139e47a8f909cbb38e8137452193ccb9331637fee3e
  languageName: node
  linkType: hard

"ms@npm:2.1.2":
  version: 2.1.2
  resolution: "ms@npm:2.1.2"
  checksum: 673cdb2c3133eb050c745908d8ce632ed2c02d85640e2edb3ace856a2266a813b30c613569bf3354fdf4ea7d1a1494add3bfa95e2713baa27d0c2c71fc44f58f
  languageName: node
  linkType: hard

"nock@npm:^13.3.1":
  version: 13.3.1
  resolution: "nock@npm:13.3.1"
  dependencies:
    debug: ^4.1.0
    json-stringify-safe: ^5.0.1
    lodash: ^4.17.21
    propagate: ^2.0.0
  checksum: 0f2a73e8432f6b5650656c53eef99f9e5bbde3df538dc2f07057edc4438cfc61a394c9d06dd82e60f6e86d42433f20f3c04364a1f088beee7bf03a24e3f0fdd0
  languageName: node
  linkType: hard

"node-domexception@npm:^1.0.0":
  version: 1.0.0
  resolution: "node-domexception@npm:1.0.0"
  checksum: ee1d37dd2a4eb26a8a92cd6b64dfc29caec72bff5e1ed9aba80c294f57a31ba4895a60fd48347cf17dd6e766da0ae87d75657dfd1f384ebfa60462c2283f5c7f
  languageName: node
  linkType: hard

"node-fetch@npm:^3.3.1":
  version: 3.3.1
  resolution: "node-fetch@npm:3.3.1"
  dependencies:
    data-uri-to-buffer: ^4.0.0
    fetch-blob: ^3.1.4
    formdata-polyfill: ^4.0.10
  checksum: 62145fd3ba4770a76110bc31fdc0054ab2f5442b5ce96e9c4b39fc9e94a3d305560eec76e1165d9259eab866e02a8eecf9301062bb5dfc9f08a4d08b69d223dd
  languageName: node
  linkType: hard

"pako@npm:^2.0.4":
  version: 2.1.0
  resolution: "pako@npm:2.1.0"
  checksum: 71666548644c9a4d056bcaba849ca6fd7242c6cf1af0646d3346f3079a1c7f4a66ffec6f7369ee0dc88f61926c10d6ab05da3e1fca44b83551839e89edd75a3e
  languageName: node
  linkType: hard

"propagate@npm:^2.0.0":
  version: 2.0.1
  resolution: "propagate@npm:2.0.1"
  checksum: c4febaee2be0979e82fb6b3727878fd122a98d64a7fa3c9d09b0576751b88514a9e9275b1b92e76b364d488f508e223bd7e1dcdc616be4cdda876072fbc2a96c
  languageName: node
  linkType: hard

"rxjs@npm:^7.8.1":
  version: 7.8.1
  resolution: "rxjs@npm:7.8.1"
  dependencies:
    tslib: ^2.1.0
  checksum: de4b53db1063e618ec2eca0f7965d9137cabe98cf6be9272efe6c86b47c17b987383df8574861bcced18ebd590764125a901d5506082be84a8b8e364bf05f119
  languageName: node
  linkType: hard

"smoldot@npm:1.0.2":
  version: 1.0.2
  resolution: "smoldot@npm:1.0.2"
  dependencies:
    pako: ^2.0.4
    ws: ^8.8.1
  checksum: 2e069c49e520e72c63d16d94c51a074a6f90ae598a2299afbf5b90c3a0ba607e1640bf51d8e2a3b06dc7843e571c96b5838209a1d9c9d0dae66c8693fa0369c9
  languageName: node
  linkType: hard

"tslib@npm:^2.1.0":
  version: 2.4.1
  resolution: "tslib@npm:2.4.1"
  checksum: 19480d6e0313292bd6505d4efe096a6b31c70e21cf08b5febf4da62e95c265c8f571f7b36fcc3d1a17e068032f59c269fab3459d6cd3ed6949eafecf64315fca
  languageName: node
  linkType: hard

"tslib@npm:^2.5.0":
  version: 2.5.0
  resolution: "tslib@npm:2.5.0"
  checksum: ae3ed5f9ce29932d049908ebfdf21b3a003a85653a9a140d614da6b767a93ef94f460e52c3d787f0e4f383546981713f165037dc2274df212ea9f8a4541004e1
  languageName: node
  linkType: hard

"uuid@npm:^8.3.2":
  version: 8.3.2
  resolution: "uuid@npm:8.3.2"
  bin:
    uuid: dist/bin/uuid
  checksum: 5575a8a75c13120e2f10e6ddc801b2c7ed7d8f3c8ac22c7ed0c7b2ba6383ec0abda88c905085d630e251719e0777045ae3236f04c812184b7c765f63a70e58df
  languageName: node
  linkType: hard

"web-streams-polyfill@npm:^3.0.3":
  version: 3.2.1
  resolution: "web-streams-polyfill@npm:3.2.1"
  checksum: b119c78574b6d65935e35098c2afdcd752b84268e18746606af149e3c424e15621b6f1ff0b42b2676dc012fc4f0d313f964b41a4b5031e525faa03997457da02
  languageName: node
  linkType: hard

"ws@npm:^8.13.0":
  version: 8.13.0
  resolution: "ws@npm:8.13.0"
  peerDependencies:
    bufferutil: ^4.0.1
    utf-8-validate: ">=5.0.2"
  peerDependenciesMeta:
    bufferutil:
      optional: true
    utf-8-validate:
      optional: true
  checksum: 53e991bbf928faf5dc6efac9b8eb9ab6497c69feeb94f963d648b7a3530a720b19ec2e0ec037344257e05a4f35bd9ad04d9de6f289615ffb133282031b18c61c
  languageName: node
  linkType: hard

"ws@npm:^8.8.1":
  version: 8.11.0
  resolution: "ws@npm:8.11.0"
  peerDependencies:
    bufferutil: ^4.0.1
    utf-8-validate: ^5.0.2
  peerDependenciesMeta:
    bufferutil:
      optional: true
    utf-8-validate:
      optional: true
  checksum: 316b33aba32f317cd217df66dbfc5b281a2f09ff36815de222bc859e3424d83766d9eb2bd4d667de658b6ab7be151f258318fb1da812416b30be13103e5b5c67
  languageName: node
  linkType: hard
